// !$*UTF8*$!
{
	archiveVersion = 1;
	classes = {
	};
	objectVersion = 50;
	objects = {

/* Begin PBXBuildFile section */
		0081BE5222AEB1370021D7C6 /* main.m in Sources */ = {isa = PBXBuildFile; fileRef = 0081BE5122AEB1370021D7C6 /* main.m */; };
		0081BE5D22AEB40C0021D7C6 /* main.m in Sources */ = {isa = PBXBuildFile; fileRef = 0081BE5C22AEB40C0021D7C6 /* main.m */; };
		0081BE6822AF56B80021D7C6 /* main.m in Sources */ = {isa = PBXBuildFile; fileRef = 0081BE6722AF56B80021D7C6 /* main.m */; };
		0081BE7322AF5AEA0021D7C6 /* main.m in Sources */ = {isa = PBXBuildFile; fileRef = 0081BE7222AF5AEA0021D7C6 /* main.m */; };
		009CF03122B2AD5E007C877D /* main.m in Sources */ = {isa = PBXBuildFile; fileRef = 009CF03022B2AD5E007C877D /* main.m */; };
		009CF03C22B3365D007C877D /* main.m in Sources */ = {isa = PBXBuildFile; fileRef = 009CF03B22B3365D007C877D /* main.m */; };
		009CF04722B34003007C877D /* main.m in Sources */ = {isa = PBXBuildFile; fileRef = 009CF04622B34003007C877D /* main.m */; };
		00E1C1D222ADF8DA004C69F8 /* main.m in Sources */ = {isa = PBXBuildFile; fileRef = 00E1C1D122ADF8DA004C69F8 /* main.m */; };
/* End PBXBuildFile section */

/* Begin PBXCopyFilesBuildPhase section */
		0081BE4D22AEB1370021D7C6 /* CopyFiles */ = {
			isa = PBXCopyFilesBuildPhase;
			buildActionMask = 2147483647;
			dstPath = /usr/share/man/man1/;
			dstSubfolderSpec = 0;
			files = (
			);
			runOnlyForDeploymentPostprocessing = 1;
		};
		0081BE5822AEB40C0021D7C6 /* CopyFiles */ = {
			isa = PBXCopyFilesBuildPhase;
			buildActionMask = 2147483647;
			dstPath = /usr/share/man/man1/;
			dstSubfolderSpec = 0;
			files = (
			);
			runOnlyForDeploymentPostprocessing = 1;
		};
		0081BE6322AF56B80021D7C6 /* CopyFiles */ = {
			isa = PBXCopyFilesBuildPhase;
			buildActionMask = 2147483647;
			dstPath = /usr/share/man/man1/;
			dstSubfolderSpec = 0;
			files = (
			);
			runOnlyForDeploymentPostprocessing = 1;
		};
		0081BE6E22AF5AEA0021D7C6 /* CopyFiles */ = {
			isa = PBXCopyFilesBuildPhase;
			buildActionMask = 2147483647;
			dstPath = /usr/share/man/man1/;
			dstSubfolderSpec = 0;
			files = (
			);
			runOnlyForDeploymentPostprocessing = 1;
		};
		009CF02C22B2AD5E007C877D /* CopyFiles */ = {
			isa = PBXCopyFilesBuildPhase;
			buildActionMask = 2147483647;
			dstPath = /usr/share/man/man1/;
			dstSubfolderSpec = 0;
			files = (
			);
			runOnlyForDeploymentPostprocessing = 1;
		};
		009CF03722B3365D007C877D /* CopyFiles */ = {
			isa = PBXCopyFilesBuildPhase;
			buildActionMask = 2147483647;
			dstPath = /usr/share/man/man1/;
			dstSubfolderSpec = 0;
			files = (
			);
			runOnlyForDeploymentPostprocessing = 1;
		};
		009CF04222B34003007C877D /* CopyFiles */ = {
			isa = PBXCopyFilesBuildPhase;
			buildActionMask = 2147483647;
			dstPath = /usr/share/man/man1/;
			dstSubfolderSpec = 0;
			files = (
			);
			runOnlyForDeploymentPostprocessing = 1;
		};
		00E1C1CC22ADF8DA004C69F8 /* CopyFiles */ = {
			isa = PBXCopyFilesBuildPhase;
			buildActionMask = 2147483647;
			dstPath = /usr/share/man/man1/;
			dstSubfolderSpec = 0;
			files = (
			);
			runOnlyForDeploymentPostprocessing = 1;
		};
/* End PBXCopyFilesBuildPhase section */

/* Begin PBXFileReference section */
		0081BE4F22AEB1370021D7C6 /* 02-OC与C的对比 */ = {isa = PBXFileReference; explicitFileType = "compiled.mach-o.executable"; includeInIndex = 0; path = "02-OC与C的对比"; sourceTree = BUILT_PRODUCTS_DIR; };
		0081BE5122AEB1370021D7C6 /* main.m */ = {isa = PBXFileReference; lastKnownFileType = sourcecode.c.objc; path = main.m; sourceTree = "<group>"; };
		0081BE5A22AEB40C0021D7C6 /* 03-OC和C的对比 */ = {isa = PBXFileReference; explicitFileType = "compiled.mach-o.executable"; includeInIndex = 0; path = "03-OC和C的对比"; sourceTree = BUILT_PRODUCTS_DIR; };
		0081BE5C22AEB40C0021D7C6 /* main.m */ = {isa = PBXFileReference; lastKnownFileType = sourcecode.c.objc; path = main.m; sourceTree = "<group>"; };
		0081BE6522AF56B80021D7C6 /* 04-面向过程与面向对象 */ = {isa = PBXFileReference; explicitFileType = "compiled.mach-o.executable"; includeInIndex = 0; path = "04-面向过程与面向对象"; sourceTree = BUILT_PRODUCTS_DIR; };
		0081BE6722AF56B80021D7C6 /* main.m */ = {isa = PBXFileReference; lastKnownFileType = sourcecode.c.objc; path = main.m; sourceTree = "<group>"; };
		0081BE7022AF5AEA0021D7C6 /* 05-类与对象 */ = {isa = PBXFileReference; explicitFileType = "compiled.mach-o.executable"; includeInIndex = 0; path = "05-类与对象"; sourceTree = BUILT_PRODUCTS_DIR; };
		0081BE7222AF5AEA0021D7C6 /* main.m */ = {isa = PBXFileReference; lastKnownFileType = sourcecode.c.objc; path = main.m; sourceTree = "<group>"; };
		009CF02E22B2AD5E007C877D /* 06-类与对象 */ = {isa = PBXFileReference; explicitFileType = "compiled.mach-o.executable"; includeInIndex = 0; path = "06-类与对象"; sourceTree = BUILT_PRODUCTS_DIR; };
		009CF03022B2AD5E007C877D /* main.m */ = {isa = PBXFileReference; lastKnownFileType = sourcecode.c.objc; path = main.m; sourceTree = "<group>"; };
		009CF03922B3365D007C877D /* 07-方法的声明实现和调用 */ = {isa = PBXFileReference; explicitFileType = "compiled.mach-o.executable"; includeInIndex = 0; path = "07-方法的声明实现和调用"; sourceTree = BUILT_PRODUCTS_DIR; };
		009CF03B22B3365D007C877D /* main.m */ = {isa = PBXFileReference; lastKnownFileType = sourcecode.c.objc; path = main.m; sourceTree = "<group>"; };
		009CF04422B34003007C877D /* 08-其他使用注意 */ = {isa = PBXFileReference; explicitFileType = "compiled.mach-o.executable"; includeInIndex = 0; path = "08-其他使用注意"; sourceTree = BUILT_PRODUCTS_DIR; };
		009CF04622B34003007C877D /* main.m */ = {isa = PBXFileReference; lastKnownFileType = sourcecode.c.objc; path = main.m; sourceTree = "<group>"; };
		00E1C1CE22ADF8DA004C69F8 /* Day01-OC基础语法 */ = {isa = PBXFileReference; explicitFileType = "compiled.mach-o.executable"; includeInIndex = 0; path = "Day01-OC基础语法"; sourceTree = BUILT_PRODUCTS_DIR; };
		00E1C1D122ADF8DA004C69F8 /* main.m */ = {isa = PBXFileReference; lastKnownFileType = sourcecode.c.objc; path = main.m; sourceTree = "<group>"; };
/* End PBXFileReference section */

/* Begin PBXFrameworksBuildPhase section */
		0081BE4C22AEB1370021D7C6 /* Frameworks */ = {
			isa = PBXFrameworksBuildPhase;
			buildActionMask = 2147483647;
			files = (
			);
			runOnlyForDeploymentPostprocessing = 0;
		};
		0081BE5722AEB40C0021D7C6 /* Frameworks */ = {
			isa = PBXFrameworksBuildPhase;
			buildActionMask = 2147483647;
			files = (
			);
			runOnlyForDeploymentPostprocessing = 0;
		};
		0081BE6222AF56B80021D7C6 /* Frameworks */ = {
			isa = PBXFrameworksBuildPhase;
			buildActionMask = 2147483647;
			files = (
			);
			runOnlyForDeploymentPostprocessing = 0;
		};
		0081BE6D22AF5AEA0021D7C6 /* Frameworks */ = {
			isa = PBXFrameworksBuildPhase;
			buildActionMask = 2147483647;
			files = (
			);
			runOnlyForDeploymentPostprocessing = 0;
		};
		009CF02B22B2AD5E007C877D /* Frameworks */ = {
			isa = PBXFrameworksBuildPhase;
			buildActionMask = 2147483647;
			files = (
			);
			runOnlyForDeploymentPostprocessing = 0;
		};
		009CF03622B3365D007C877D /* Frameworks */ = {
			isa = PBXFrameworksBuildPhase;
			buildActionMask = 2147483647;
			files = (
			);
			runOnlyForDeploymentPostprocessing = 0;
		};
		009CF04122B34003007C877D /* Frameworks */ = {
			isa = PBXFrameworksBuildPhase;
			buildActionMask = 2147483647;
			files = (
			);
			runOnlyForDeploymentPostprocessing = 0;
		};
		00E1C1CB22ADF8DA004C69F8 /* Frameworks */ = {
			isa = PBXFrameworksBuildPhase;
			buildActionMask = 2147483647;
			files = (
			);
			runOnlyForDeploymentPostprocessing = 0;
		};
/* End PBXFrameworksBuildPhase section */

/* Begin PBXGroup section */
		0081BE5022AEB1370021D7C6 /* 02-OC与C的对比 */ = {
			isa = PBXGroup;
			children = (
				0081BE5122AEB1370021D7C6 /* main.m */,
			);
			path = "02-OC与C的对比";
			sourceTree = "<group>";
		};
		0081BE5B22AEB40C0021D7C6 /* 03-OC和C的对比 */ = {
			isa = PBXGroup;
			children = (
				0081BE5C22AEB40C0021D7C6 /* main.m */,
			);
			path = "03-OC和C的对比";
			sourceTree = "<group>";
		};
		0081BE6622AF56B80021D7C6 /* 04-面向过程与面向对象 */ = {
			isa = PBXGroup;
			children = (
				0081BE6722AF56B80021D7C6 /* main.m */,
			);
			path = "04-面向过程与面向对象";
			sourceTree = "<group>";
		};
		0081BE7122AF5AEA0021D7C6 /* 05-类与对象 */ = {
			isa = PBXGroup;
			children = (
				0081BE7222AF5AEA0021D7C6 /* main.m */,
			);
			path = "05-类与对象";
			sourceTree = "<group>";
		};
		009CF02F22B2AD5E007C877D /* 06-类与对象 */ = {
			isa = PBXGroup;
			children = (
				009CF03022B2AD5E007C877D /* main.m */,
			);
			path = "06-类与对象";
			sourceTree = "<group>";
		};
		009CF03A22B3365D007C877D /* 07-方法的声明实现和调用 */ = {
			isa = PBXGroup;
			children = (
				009CF03B22B3365D007C877D /* main.m */,
			);
			path = "07-方法的声明实现和调用";
			sourceTree = "<group>";
		};
		009CF04522B34003007C877D /* 08-其他使用注意 */ = {
			isa = PBXGroup;
			children = (
				009CF04622B34003007C877D /* main.m */,
			);
			path = "08-其他使用注意";
			sourceTree = "<group>";
		};
		00E1C1C522ADF8DA004C69F8 = {
			isa = PBXGroup;
			children = (
				00E1C1D022ADF8DA004C69F8 /* Day01-OC基础语法 */,
				0081BE5022AEB1370021D7C6 /* 02-OC与C的对比 */,
				0081BE5B22AEB40C0021D7C6 /* 03-OC和C的对比 */,
				0081BE6622AF56B80021D7C6 /* 04-面向过程与面向对象 */,
				0081BE7122AF5AEA0021D7C6 /* 05-类与对象 */,
				009CF02F22B2AD5E007C877D /* 06-类与对象 */,
				009CF03A22B3365D007C877D /* 07-方法的声明实现和调用 */,
				009CF04522B34003007C877D /* 08-其他使用注意 */,
				00E1C1CF22ADF8DA004C69F8 /* Products */,
			);
			sourceTree = "<group>";
		};
		00E1C1CF22ADF8DA004C69F8 /* Products */ = {
			isa = PBXGroup;
			children = (
				00E1C1CE22ADF8DA004C69F8 /* Day01-OC基础语法 */,
				0081BE4F22AEB1370021D7C6 /* 02-OC与C的对比 */,
				0081BE5A22AEB40C0021D7C6 /* 03-OC和C的对比 */,
				0081BE6522AF56B80021D7C6 /* 04-面向过程与面向对象 */,
				0081BE7022AF5AEA0021D7C6 /* 05-类与对象 */,
				009CF02E22B2AD5E007C877D /* 06-类与对象 */,
				009CF03922B3365D007C877D /* 07-方法的声明实现和调用 */,
				009CF04422B34003007C877D /* 08-其他使用注意 */,
			);
			name = Products;
			sourceTree = "<group>";
		};
		00E1C1D022ADF8DA004C69F8 /* Day01-OC基础语法 */ = {
			isa = PBXGroup;
			children = (
				00E1C1D122ADF8DA004C69F8 /* main.m */,
			);
			path = "Day01-OC基础语法";
			sourceTree = "<group>";
		};
/* End PBXGroup section */

/* Begin PBXNativeTarget section */
		0081BE4E22AEB1370021D7C6 /* 02-OC与C的对比 */ = {
			isa = PBXNativeTarget;
			buildConfigurationList = 0081BE5522AEB1370021D7C6 /* Build configuration list for PBXNativeTarget "02-OC与C的对比" */;
			buildPhases = (
				0081BE4B22AEB1370021D7C6 /* Sources */,
				0081BE4C22AEB1370021D7C6 /* Frameworks */,
				0081BE4D22AEB1370021D7C6 /* CopyFiles */,
			);
			buildRules = (
			);
			dependencies = (
			);
			name = "02-OC与C的对比";
			productName = "02-OC与C的对比";
			productReference = 0081BE4F22AEB1370021D7C6 /* 02-OC与C的对比 */;
			productType = "com.apple.product-type.tool";
		};
		0081BE5922AEB40C0021D7C6 /* 03-OC和C的对比 */ = {
			isa = PBXNativeTarget;
			buildConfigurationList = 0081BE5E22AEB40C0021D7C6 /* Build configuration list for PBXNativeTarget "03-OC和C的对比" */;
			buildPhases = (
				0081BE5622AEB40C0021D7C6 /* Sources */,
				0081BE5722AEB40C0021D7C6 /* Frameworks */,
				0081BE5822AEB40C0021D7C6 /* CopyFiles */,
			);
			buildRules = (
			);
			dependencies = (
			);
			name = "03-OC和C的对比";
			productName = "03-OC和C的对比";
			productReference = 0081BE5A22AEB40C0021D7C6 /* 03-OC和C的对比 */;
			productType = "com.apple.product-type.tool";
		};
		0081BE6422AF56B80021D7C6 /* 04-面向过程与面向对象 */ = {
			isa = PBXNativeTarget;
			buildConfigurationList = 0081BE6B22AF56B80021D7C6 /* Build configuration list for PBXNativeTarget "04-面向过程与面向对象" */;
			buildPhases = (
				0081BE6122AF56B80021D7C6 /* Sources */,
				0081BE6222AF56B80021D7C6 /* Frameworks */,
				0081BE6322AF56B80021D7C6 /* CopyFiles */,
			);
			buildRules = (
			);
			dependencies = (
			);
			name = "04-面向过程与面向对象";
			productName = "04-面向过程与面向对象";
			productReference = 0081BE6522AF56B80021D7C6 /* 04-面向过程与面向对象 */;
			productType = "com.apple.product-type.tool";
		};
		0081BE6F22AF5AEA0021D7C6 /* 05-类与对象 */ = {
			isa = PBXNativeTarget;
			buildConfigurationList = 0081BE7422AF5AEA0021D7C6 /* Build configuration list for PBXNativeTarget "05-类与对象" */;
			buildPhases = (
				0081BE6C22AF5AEA0021D7C6 /* Sources */,
				0081BE6D22AF5AEA0021D7C6 /* Frameworks */,
				0081BE6E22AF5AEA0021D7C6 /* CopyFiles */,
			);
			buildRules = (
			);
			dependencies = (
			);
			name = "05-类与对象";
			productName = "05-类与对象";
			productReference = 0081BE7022AF5AEA0021D7C6 /* 05-类与对象 */;
			productType = "com.apple.product-type.tool";
		};
		009CF02D22B2AD5E007C877D /* 06-类与对象 */ = {
			isa = PBXNativeTarget;
			buildConfigurationList = 009CF03422B2AD5E007C877D /* Build configuration list for PBXNativeTarget "06-类与对象" */;
			buildPhases = (
				009CF02A22B2AD5E007C877D /* Sources */,
				009CF02B22B2AD5E007C877D /* Frameworks */,
				009CF02C22B2AD5E007C877D /* CopyFiles */,
			);
			buildRules = (
			);
			dependencies = (
			);
			name = "06-类与对象";
			productName = "06-类与对象";
			productReference = 009CF02E22B2AD5E007C877D /* 06-类与对象 */;
			productType = "com.apple.product-type.tool";
		};
		009CF03822B3365D007C877D /* 07-方法的声明实现和调用 */ = {
			isa = PBXNativeTarget;
			buildConfigurationList = 009CF03F22B3365D007C877D /* Build configuration list for PBXNativeTarget "07-方法的声明实现和调用" */;
			buildPhases = (
				009CF03522B3365D007C877D /* Sources */,
				009CF03622B3365D007C877D /* Frameworks */,
				009CF03722B3365D007C877D /* CopyFiles */,
			);
			buildRules = (
			);
			dependencies = (
			);
			name = "07-方法的声明实现和调用";
			productName = "07-方法的声明实现和调用";
			productReference = 009CF03922B3365D007C877D /* 07-方法的声明实现和调用 */;
			productType = "com.apple.product-type.tool";
		};
		009CF04322B34003007C877D /* 08-其他使用注意 */ = {
			isa = PBXNativeTarget;
			buildConfigurationList = 009CF04822B34003007C877D /* Build configuration list for PBXNativeTarget "08-其他使用注意" */;
			buildPhases = (
				009CF04022B34003007C877D /* Sources */,
				009CF04122B34003007C877D /* Frameworks */,
				009CF04222B34003007C877D /* CopyFiles */,
			);
			buildRules = (
			);
			dependencies = (
			);
			name = "08-其他使用注意";
			productName = "08-其他使用注意";
			productReference = 009CF04422B34003007C877D /* 08-其他使用注意 */;
			productType = "com.apple.product-type.tool";
		};
		00E1C1CD22ADF8DA004C69F8 /* Day01-OC基础语法 */ = {
			isa = PBXNativeTarget;
			buildConfigurationList = 00E1C1D522ADF8DA004C69F8 /* Build configuration list for PBXNativeTarget "Day01-OC基础语法" */;
			buildPhases = (
				00E1C1CA22ADF8DA004C69F8 /* Sources */,
				00E1C1CB22ADF8DA004C69F8 /* Frameworks */,
				00E1C1CC22ADF8DA004C69F8 /* CopyFiles */,
			);
			buildRules = (
			);
			dependencies = (
			);
			name = "Day01-OC基础语法";
			productName = "Day01-OC基础语法";
			productReference = 00E1C1CE22ADF8DA004C69F8 /* Day01-OC基础语法 */;
			productType = "com.apple.product-type.tool";
		};
/* End PBXNativeTarget section */

/* Begin PBXProject section */
		00E1C1C622ADF8DA004C69F8 /* Project object */ = {
			isa = PBXProject;
			attributes = {
				LastUpgradeCheck = 0940;
				ORGANIZATIONNAME = Jamie;
				TargetAttributes = {
					0081BE4E22AEB1370021D7C6 = {
						CreatedOnToolsVersion = 9.4.1;
					};
					0081BE5922AEB40C0021D7C6 = {
						CreatedOnToolsVersion = 9.4.1;
					};
					0081BE6422AF56B80021D7C6 = {
						CreatedOnToolsVersion = 9.4.1;
					};
					0081BE6F22AF5AEA0021D7C6 = {
						CreatedOnToolsVersion = 9.4.1;
					};
					009CF02D22B2AD5E007C877D = {
						CreatedOnToolsVersion = 9.4.1;
					};
					009CF03822B3365D007C877D = {
						CreatedOnToolsVersion = 9.4.1;
					};
					009CF04322B34003007C877D = {
						CreatedOnToolsVersion = 9.4.1;
					};
					00E1C1CD22ADF8DA004C69F8 = {
						CreatedOnToolsVersion = 9.4.1;
					};
				};
			};
			buildConfigurationList = 00E1C1C922ADF8DA004C69F8 /* Build configuration list for PBXProject "Day01-OC基础语法" */;
			compatibilityVersion = "Xcode 9.3";
			developmentRegion = en;
			hasScannedForEncodings = 0;
			knownRegions = (
				en,
			);
			mainGroup = 00E1C1C522ADF8DA004C69F8;
			productRefGroup = 00E1C1CF22ADF8DA004C69F8 /* Products */;
			projectDirPath = "";
			projectRoot = "";
			targets = (
				00E1C1CD22ADF8DA004C69F8 /* Day01-OC基础语法 */,
				0081BE4E22AEB1370021D7C6 /* 02-OC与C的对比 */,
				0081BE5922AEB40C0021D7C6 /* 03-OC和C的对比 */,
				0081BE6422AF56B80021D7C6 /* 04-面向过程与面向对象 */,
				0081BE6F22AF5AEA0021D7C6 /* 05-类与对象 */,
				009CF02D22B2AD5E007C877D /* 06-类与对象 */,
				009CF03822B3365D007C877D /* 07-方法的声明实现和调用 */,
				009CF04322B34003007C877D /* 08-其他使用注意 */,
			);
		};
/* End PBXProject section */

/* Begin PBXSourcesBuildPhase section */
		0081BE4B22AEB1370021D7C6 /* Sources */ = {
			isa = PBXSourcesBuildPhase;
			buildActionMask = 2147483647;
			files = (
				0081BE5222AEB1370021D7C6 /* main.m in Sources */,
			);
			runOnlyForDeploymentPostprocessing = 0;
		};
		0081BE5622AEB40C0021D7C6 /* Sources */ = {
			isa = PBXSourcesBuildPhase;
			buildActionMask = 2147483647;
			files = (
				0081BE5D22AEB40C0021D7C6 /* main.m in Sources */,
			);
			runOnlyForDeploymentPostprocessing = 0;
		};
		0081BE6122AF56B80021D7C6 /* Sources */ = {
			isa = PBXSourcesBuildPhase;
			buildActionMask = 2147483647;
			files = (
				0081BE6822AF56B80021D7C6 /* main.m in Sources */,
			);
			runOnlyForDeploymentPostprocessing = 0;
		};
		0081BE6C22AF5AEA0021D7C6 /* Sources */ = {
			isa = PBXSourcesBuildPhase;
			buildActionMask = 2147483647;
			files = (
				0081BE7322AF5AEA0021D7C6 /* main.m in Sources */,
			);
			runOnlyForDeploymentPostprocessing = 0;
		};
		009CF02A22B2AD5E007C877D /* Sources */ = {
			isa = PBXSourcesBuildPhase;
			buildActionMask = 2147483647;
			files = (
				009CF03122B2AD5E007C877D /* main.m in Sources */,
			);
			runOnlyForDeploymentPostprocessing = 0;
		};
		009CF03522B3365D007C877D /* Sources */ = {
			isa = PBXSourcesBuildPhase;
			buildActionMask = 2147483647;
			files = (
				009CF03C22B3365D007C877D /* main.m in Sources */,
			);
			runOnlyForDeploymentPostprocessing = 0;
		};
		009CF04022B34003007C877D /* Sources */ = {
			isa = PBXSourcesBuildPhase;
			buildActionMask = 2147483647;
			files = (
				009CF04722B34003007C877D /* main.m in Sources */,
			);
			runOnlyForDeploymentPostprocessing = 0;
		};
		00E1C1CA22ADF8DA004C69F8 /* Sources */ = {
			isa = PBXSourcesBuildPhase;
			buildActionMask = 2147483647;
			files = (
				00E1C1D222ADF8DA004C69F8 /* main.m in Sources */,
			);
			runOnlyForDeploymentPostprocessing = 0;
		};
/* End PBXSourcesBuildPhase section */

/* Begin XCBuildConfiguration section */
		0081BE5322AEB1370021D7C6 /* Debug */ = {
			isa = XCBuildConfiguration;
			buildSettings = {
				CODE_SIGN_STYLE = Automatic;
				DEVELOPMENT_TEAM = QUZ5K29529;
				PRODUCT_NAME = "$(TARGET_NAME)";
			};
			name = Debug;
		};
		0081BE5422AEB1370021D7C6 /* Release */ = {
			isa = XCBuildConfiguration;
			buildSettings = {
				CODE_SIGN_STYLE = Automatic;
				DEVELOPMENT_TEAM = QUZ5K29529;
				PRODUCT_NAME = "$(TARGET_NAME)";
			};
			name = Release;
		};
		0081BE5F22AEB40C0021D7C6 /* Debug */ = {
			isa = XCBuildConfiguration;
			buildSettings = {
				CODE_SIGN_STYLE = Automatic;
				DEVELOPMENT_TEAM = QUZ5K29529;
				PRODUCT_NAME = "$(TARGET_NAME)";
			};
			name = Debug;
		};
		0081BE6022AEB40C0021D7C6 /* Release */ = {
			isa = XCBuildConfiguration;
			buildSettings = {
				CODE_SIGN_STYLE = Automatic;
				DEVELOPMENT_TEAM = QUZ5K29529;
				PRODUCT_NAME = "$(TARGET_NAME)";
			};
			name = Release;
		};
		0081BE6922AF56B80021D7C6 /* Debug */ = {
			isa = XCBuildConfiguration;
			buildSettings = {
				CODE_SIGN_STYLE = Automatic;
				DEVELOPMENT_TEAM = QUZ5K29529;
				PRODUCT_NAME = "$(TARGET_NAME)";
			};
			name = Debug;
		};
		0081BE6A22AF56B80021D7C6 /* Release */ = {
			isa = XCBuildConfiguration;
			buildSettings = {
				CODE_SIGN_STYLE = Automatic;
				DEVELOPMENT_TEAM = QUZ5K29529;
				PRODUCT_NAME = "$(TARGET_NAME)";
			};
			name = Release;
		};
		0081BE7522AF5AEA0021D7C6 /* Debug */ = {
			isa = XCBuildConfiguration;
			buildSettings = {
				CODE_SIGN_STYLE = Automatic;
				DEVELOPMENT_TEAM = QUZ5K29529;
				PRODUCT_NAME = "$(TARGET_NAME)";
			};
			name = Debug;
		};
		0081BE7622AF5AEA0021D7C6 /* Release */ = {
			isa = XCBuildConfiguration;
			buildSettings = {
				CODE_SIGN_STYLE = Automatic;
				DEVELOPMENT_TEAM = QUZ5K29529;
				PRODUCT_NAME = "$(TARGET_NAME)";
			};
			name = Release;
		};
		009CF03222B2AD5E007C877D /* Debug */ = {
			isa = XCBuildConfiguration;
			buildSettings = {
				CODE_SIGN_STYLE = Automatic;
				DEVELOPMENT_TEAM = QUZ5K29529;
				PRODUCT_NAME = "$(TARGET_NAME)";
			};
			name = Debug;
		};
		009CF03322B2AD5E007C877D /* Release */ = {
			isa = XCBuildConfiguration;
			buildSettings = {
				CODE_SIGN_STYLE = Automatic;
				DEVELOPMENT_TEAM = QUZ5K29529;
				PRODUCT_NAME = "$(TARGET_NAME)";
			};
			name = Release;
		};
		009CF03D22B3365D007C877D /* Debug */ = {
			isa = XCBuildConfiguration;
			buildSettings = {
				CODE_SIGN_STYLE = Automatic;
				DEVELOPMENT_TEAM = QUZ5K29529;
				PRODUCT_NAME = "$(TARGET_NAME)";
			};
			name = Debug;
		};
		009CF03E22B3365D007C877D /* Release */ = {
			isa = XCBuildConfiguration;
			buildSettings = {
				CODE_SIGN_STYLE = Automatic;
				DEVELOPMENT_TEAM = QUZ5K29529;
				PRODUCT_NAME = "$(TARGET_NAME)";
			};
			name = Release;
		};
		009CF04922B34003007C877D /* Debug */ = {
			isa = XCBuildConfiguration;
			buildSettings = {
				CODE_SIGN_STYLE = Automatic;
				DEVELOPMENT_TEAM = QUZ5K29529;
				PRODUCT_NAME = "$(TARGET_NAME)";
			};
			name = Debug;
		};
		009CF04A22B34003007C877D /* Release */ = {
			isa = XCBuildConfiguration;
			buildSettings = {
				CODE_SIGN_STYLE = Automatic;
				DEVELOPMENT_TEAM = QUZ5K29529;
				PRODUCT_NAME = "$(TARGET_NAME)";
			};
			name = Release;
		};
		00E1C1D322ADF8DA004C69F8 /* Debug */ = {
			isa = XCBuildConfiguration;
			buildSettings = {
				ALWAYS_SEARCH_USER_PATHS = NO;
				CLANG_ANALYZER_NONNULL = YES;
				CLANG_ANALYZER_NUMBER_OBJECT_CONVERSION = YES_AGGRESSIVE;
				CLANG_CXX_LANGUAGE_STANDARD = "gnu++14";
				CLANG_CXX_LIBRARY = "libc++";
				CLANG_ENABLE_MODULES = YES;
				CLANG_ENABLE_OBJC_ARC = YES;
				CLANG_ENABLE_OBJC_WEAK = YES;
				CLANG_WARN_BLOCK_CAPTURE_AUTORELEASING = YES;
				CLANG_WARN_BOOL_CONVERSION = YES;
				CLANG_WARN_COMMA = YES;
				CLANG_WARN_CONSTANT_CONVERSION = YES;
				CLANG_WARN_DEPRECATED_OBJC_IMPLEMENTATIONS = YES;
				CLANG_WARN_DIRECT_OBJC_ISA_USAGE = YES_ERROR;
				CLANG_WARN_DOCUMENTATION_COMMENTS = YES;
				CLANG_WARN_EMPTY_BODY = YES;
				CLANG_WARN_ENUM_CONVERSION = YES;
				CLANG_WARN_INFINITE_RECURSION = YES;
				CLANG_WARN_INT_CONVERSION = YES;
				CLANG_WARN_NON_LITERAL_NULL_CONVERSION = YES;
				CLANG_WARN_OBJC_IMPLICIT_RETAIN_SELF = YES;
				CLANG_WARN_OBJC_LITERAL_CONVERSION = YES;
				CLANG_WARN_OBJC_ROOT_CLASS = YES_ERROR;
				CLANG_WARN_RANGE_LOOP_ANALYSIS = YES;
				CLANG_WARN_STRICT_PROTOTYPES = YES;
				CLANG_WARN_SUSPICIOUS_MOVE = YES;
				CLANG_WARN_UNGUARDED_AVAILABILITY = YES_AGGRESSIVE;
				CLANG_WARN_UNREACHABLE_CODE = YES;
				CLANG_WARN__DUPLICATE_METHOD_MATCH = YES;
				CODE_SIGN_IDENTITY = "Mac Developer";
				COPY_PHASE_STRIP = NO;
				DEBUG_INFORMATION_FORMAT = dwarf;
				ENABLE_STRICT_OBJC_MSGSEND = YES;
				ENABLE_TESTABILITY = YES;
				GCC_C_LANGUAGE_STANDARD = gnu11;
				GCC_DYNAMIC_NO_PIC = NO;
				GCC_NO_COMMON_BLOCKS = YES;
				GCC_OPTIMIZATION_LEVEL = 0;
				GCC_PREPROCESSOR_DEFINITIONS = (
					"DEBUG=1",
					"$(inherited)",
				);
				GCC_WARN_64_TO_32_BIT_CONVERSION = YES;
				GCC_WARN_ABOUT_RETURN_TYPE = YES_ERROR;
				GCC_WARN_UNDECLARED_SELECTOR = YES;
				GCC_WARN_UNINITIALIZED_AUTOS = YES_AGGRESSIVE;
				GCC_WARN_UNUSED_FUNCTION = YES;
				GCC_WARN_UNUSED_VARIABLE = YES;
				MACOSX_DEPLOYMENT_TARGET = 10.13;
				MTL_ENABLE_DEBUG_INFO = YES;
				ONLY_ACTIVE_ARCH = YES;
				SDKROOT = macosx;
			};
			name = Debug;
		};
		00E1C1D422ADF8DA004C69F8 /* Release */ = {
			isa = XCBuildConfiguration;
			buildSettings = {
				ALWAYS_SEARCH_USER_PATHS = NO;
				CLANG_ANALYZER_NONNULL = YES;
				CLANG_ANALYZER_NUMBER_OBJECT_CONVERSION = YES_AGGRESSIVE;
				CLANG_CXX_LANGUAGE_STANDARD = "gnu++14";
				CLANG_CXX_LIBRARY = "libc++";
				CLANG_ENABLE_MODULES = YES;
				CLANG_ENABLE_OBJC_ARC = YES;
				CLANG_ENABLE_OBJC_WEAK = YES;
				CLANG_WARN_BLOCK_CAPTURE_AUTORELEASING = YES;
				CLANG_WARN_BOOL_CONVERSION = YES;
				CLANG_WARN_COMMA = YES;
				CLANG_WARN_CONSTANT_CONVERSION = YES;
				CLANG_WARN_DEPRECATED_OBJC_IMPLEMENTATIONS = YES;
				CLANG_WARN_DIRECT_OBJC_ISA_USAGE = YES_ERROR;
				CLANG_WARN_DOCUMENTATION_COMMENTS = YES;
				CLANG_WARN_EMPTY_BODY = YES;
				CLANG_WARN_ENUM_CONVERSION = YES;
				CLANG_WARN_INFINITE_RECURSION = YES;
				CLANG_WARN_INT_CONVERSION = YES;
				CLANG_WARN_NON_LITERAL_NULL_CONVERSION = YES;
				CLANG_WARN_OBJC_IMPLICIT_RETAIN_SELF = YES;
				CLANG_WARN_OBJC_LITERAL_CONVERSION = YES;
				CLANG_WARN_OBJC_ROOT_CLASS = YES_ERROR;
				CLANG_WARN_RANGE_LOOP_ANALYSIS = YES;
				CLANG_WARN_STRICT_PROTOTYPES = YES;
				CLANG_WARN_SUSPICIOUS_MOVE = YES;
				CLANG_WARN_UNGUARDED_AVAILABILITY = YES_AGGRESSIVE;
				CLANG_WARN_UNREACHABLE_CODE = YES;
				CLANG_WARN__DUPLICATE_METHOD_MATCH = YES;
				CODE_SIGN_IDENTITY = "Mac Developer";
				COPY_PHASE_STRIP = NO;
				DEBUG_INFORMATION_FORMAT = "dwarf-with-dsym";
				ENABLE_NS_ASSERTIONS = NO;
				ENABLE_STRICT_OBJC_MSGSEND = YES;
				GCC_C_LANGUAGE_STANDARD = gnu11;
				GCC_NO_COMMON_BLOCKS = YES;
				GCC_WARN_64_TO_32_BIT_CONVERSION = YES;
				GCC_WARN_ABOUT_RETURN_TYPE = YES_ERROR;
				GCC_WARN_UNDECLARED_SELECTOR = YES;
				GCC_WARN_UNINITIALIZED_AUTOS = YES_AGGRESSIVE;
				GCC_WARN_UNUSED_FUNCTION = YES;
				GCC_WARN_UNUSED_VARIABLE = YES;
				MACOSX_DEPLOYMENT_TARGET = 10.13;
				MTL_ENABLE_DEBUG_INFO = NO;
				SDKROOT = macosx;
			};
			name = Release;
		};
		00E1C1D622ADF8DA004C69F8 /* Debug */ = {
			isa = XCBuildConfiguration;
			buildSettings = {
				CODE_SIGN_STYLE = Automatic;
				DEVELOPMENT_TEAM = QUZ5K29529;
				PRODUCT_NAME = "$(TARGET_NAME)";
			};
			name = Debug;
		};
		00E1C1D722ADF8DA004C69F8 /* Release */ = {
			isa = XCBuildConfiguration;
			buildSettings = {
				CODE_SIGN_STYLE = Automatic;
				DEVELOPMENT_TEAM = QUZ5K29529;
				PRODUCT_NAME = "$(TARGET_NAME)";
			};
			name = Release;
		};
/* End XCBuildConfiguration section */

/* Begin XCConfigurationList section */
		0081BE5522AEB1370021D7C6 /* Build configuration list for PBXNativeTarget "02-OC与C的对比" */ = {
			isa = XCConfigurationList;
			buildConfigurations = (
				0081BE5322AEB1370021D7C6 /* Debug */,
				0081BE5422AEB1370021D7C6 /* Release */,
			);
			defaultConfigurationIsVisible = 0;
			defaultConfigurationName = Release;
		};
		0081BE5E22AEB40C0021D7C6 /* Build configuration list for PBXNativeTarget "03-OC和C的对比" */ = {
			isa = XCConfigurationList;
			buildConfigurations = (
				0081BE5F22AEB40C0021D7C6 /* Debug */,
				0081BE6022AEB40C0021D7C6 /* Release */,
			);
			defaultConfigurationIsVisible = 0;
			defaultConfigurationName = Release;
		};
		0081BE6B22AF56B80021D7C6 /* Build configuration list for PBXNativeTarget "04-面向过程与面向对象" */ = {
			isa = XCConfigurationList;
			buildConfigurations = (
				0081BE6922AF56B80021D7C6 /* Debug */,
				0081BE6A22AF56B80021D7C6 /* Release */,
			);
			defaultConfigurationIsVisible = 0;
			defaultConfigurationName = Release;
		};
		0081BE7422AF5AEA0021D7C6 /* Build configuration list for PBXNativeTarget "05-类与对象" */ = {
			isa = XCConfigurationList;
			buildConfigurations = (
				0081BE7522AF5AEA0021D7C6 /* Debug */,
				0081BE7622AF5AEA0021D7C6 /* Release */,
			);
			defaultConfigurationIsVisible = 0;
			defaultConfigurationName = Release;
		};
		009CF03422B2AD5E007C877D /* Build configuration list for PBXNativeTarget "06-类与对象" */ = {
			isa = XCConfigurationList;
			buildConfigurations = (
				009CF03222B2AD5E007C877D /* Debug */,
				009CF03322B2AD5E007C877D /* Release */,
			);
			defaultConfigurationIsVisible = 0;
			defaultConfigurationName = Release;
		};
		009CF03F22B3365D007C877D /* Build configuration list for PBXNativeTarget "07-方法的声明实现和调用" */ = {
			isa = XCConfigurationList;
			buildConfigurations = (
				009CF03D22B3365D007C877D /* Debug */,
				009CF03E22B3365D007C877D /* Release */,
			);
			defaultConfigurationIsVisible = 0;
			defaultConfigurationName = Release;
		};
		009CF04822B34003007C877D /* Build configuration list for PBXNativeTarget "08-其他使用注意" */ = {
			isa = XCConfigurationList;
			buildConfigurations = (
				009CF04922B34003007C877D /* Debug */,
				009CF04A22B34003007C877D /* Release */,
			);
			defaultConfigurationIsVisible = 0;
			defaultConfigurationName = Release;
		};
		00E1C1C922ADF8DA004C69F8 /* Build configuration list for PBXProject "Day01-OC基础语法" */ = {
			isa = XCConfigurationList;
			buildConfigurations = (
				00E1C1D322ADF8DA004C69F8 /* Debug */,
				00E1C1D422ADF8DA004C69F8 /* Release */,
			);
			defaultConfigurationIsVisible = 0;
			defaultConfigurationName = Release;
		};
		00E1C1D522ADF8DA004C69F8 /* Build configuration list for PBXNativeTarget "Day01-OC基础语法" */ = {
			isa = XCConfigurationList;
			buildConfigurations = (
				00E1C1D622ADF8DA004C69F8 /* Debug */,
				00E1C1D722ADF8DA004C69F8 /* Release */,
			);
			defaultConfigurationIsVisible = 0;
			defaultConfigurationName = Release;
		};
/* End XCConfigurationList section */
	};
	rootObject = 00E1C1C622ADF8DA004C69F8 /* Project object */;
}
